// !$*UTF8*$!
{
	archiveVersion = 1;
	classes = {
	};
	objectVersion = 46;
	objects = {

/* Begin PBXBuildFile section */
		5A9CAC9C607C80B55F64C9A6 /* Pods_testAdmob.framework in Frameworks */ = {isa = PBXBuildFile; fileRef = F81904DA75271524125FA350 /* Pods_testAdmob.framework */; };
		D91F55241E28CC0F00638B17 /* AppDelegate.swift in Sources */ = {isa = PBXBuildFile; fileRef = D91F55231E28CC0F00638B17 /* AppDelegate.swift */; };
		D91F55261E28CC0F00638B17 /* ViewController.swift in Sources */ = {isa = PBXBuildFile; fileRef = D91F55251E28CC0F00638B17 /* ViewController.swift */; };
		D91F55291E28CC0F00638B17 /* Main.storyboard in Resources */ = {isa = PBXBuildFile; fileRef = D91F55271E28CC0F00638B17 /* Main.storyboard */; };
		D91F552C1E28CC0F00638B17 /* testAdmob.xcdatamodeld in Sources */ = {isa = PBXBuildFile; fileRef = D91F552A1E28CC0F00638B17 /* testAdmob.xcdatamodeld */; };
		D91F552E1E28CC0F00638B17 /* Assets.xcassets in Resources */ = {isa = PBXBuildFile; fileRef = D91F552D1E28CC0F00638B17 /* Assets.xcassets */; };
		D91F55311E28CC0F00638B17 /* LaunchScreen.storyboard in Resources */ = {isa = PBXBuildFile; fileRef = D91F552F1E28CC0F00638B17 /* LaunchScreen.storyboard */; };
/* End PBXBuildFile section */

/* Begin PBXFileReference section */
		D91F55201E28CC0F00638B17 /* testAdmob.app */ = {isa = PBXFileReference; explicitFileType = wrapper.application; includeInIndex = 0; path = testAdmob.app; sourceTree = BUILT_PRODUCTS_DIR; };
		D91F55231E28CC0F00638B17 /* AppDelegate.swift */ = {isa = PBXFileReference; lastKnownFileType = sourcecode.swift; path = AppDelegate.swift; sourceTree = "<group>"; };
		D91F55251E28CC0F00638B17 /* ViewController.swift */ = {isa = PBXFileReference; lastKnownFileType = sourcecode.swift; path = ViewController.swift; sourceTree = "<group>"; };
		D91F55281E28CC0F00638B17 /* Base */ = {isa = PBXFileReference; lastKnownFileType = file.storyboard; name = Base; path = Base.lproj/Main.storyboard; sourceTree = "<group>"; };
		D91F552B1E28CC0F00638B17 /* testAdmob.xcdatamodel */ = {isa = PBXFileReference; lastKnownFileType = wrapper.xcdatamodel; path = testAdmob.xcdatamodel; sourceTree = "<group>"; };
		D91F552D1E28CC0F00638B17 /* Assets.xcassets */ = {isa = PBXFileReference; lastKnownFileType = folder.assetcatalog; path = Assets.xcassets; sourceTree = "<group>"; };
		D91F55301E28CC0F00638B17 /* Base */ = {isa = PBXFileReference; lastKnownFileType = file.storyboard; name = Base; path = Base.lproj/LaunchScreen.storyboard; sourceTree = "<group>"; };
		D91F55321E28CC0F00638B17 /* Info.plist */ = {isa = PBXFileReference; lastKnownFileType = text.plist.xml; path = Info.plist; sourceTree = "<group>"; };
		EB6BA1168A03F66CB1AF3C12 /* Pods-testAdmob.release.xcconfig */ = {isa = PBXFileReference; includeInIndex = 1; lastKnownFileType = text.xcconfig; name = "Pods-testAdmob.release.xcconfig"; path = "Pods/Target Support Files/Pods-testAdmob/Pods-testAdmob.release.xcconfig"; sourceTree = "<group>"; };
		F81904DA75271524125FA350 /* Pods_testAdmob.framework */ = {isa = PBXFileReference; explicitFileType = wrapper.framework; includeInIndex = 0; path = Pods_testAdmob.framework; sourceTree = BUILT_PRODUCTS_DIR; };
		FB71D7BF2B47ABBF678A0211 /* Pods-testAdmob.debug.xcconfig */ = {isa = PBXFileReference; includeInIndex = 1; lastKnownFileType = text.xcconfig; name = "Pods-testAdmob.debug.xcconfig"; path = "Pods/Target Support Files/Pods-testAdmob/Pods-testAdmob.debug.xcconfig"; sourceTree = "<group>"; };
/* End PBXFileReference section */

/* Begin PBXFrameworksBuildPhase section */
		D91F551D1E28CC0F00638B17 /* Frameworks */ = {
			isa = PBXFrameworksBuildPhase;
			buildActionMask = 2147483647;
			files = (
				5A9CAC9C607C80B55F64C9A6 /* Pods_testAdmob.framework in Frameworks */,
			);
			runOnlyForDeploymentPostprocessing = 0;
		};
/* End PBXFrameworksBuildPhase section */

/* Begin PBXGroup section */
		BAEED8CBCB79BD4309ADDF32 /* Frameworks */ = {
			isa = PBXGroup;
			children = (
				F81904DA75271524125FA350 /* Pods_testAdmob.framework */,
			);
			name = Frameworks;
			sourceTree = "<group>";
		};
		C9E38993B0FB55F77D740647 /* Pods */ = {
			isa = PBXGroup;
			children = (
				FB71D7BF2B47ABBF678A0211 /* Pods-testAdmob.debug.xcconfig */,
				EB6BA1168A03F66CB1AF3C12 /* Pods-testAdmob.release.xcconfig */,
			);
			name = Pods;
			sourceTree = "<group>";
		};
		D91F55171E28CC0F00638B17 = {
			isa = PBXGroup;
			children = (
				D91F55221E28CC0F00638B17 /* testAdmob */,
				D91F55211E28CC0F00638B17 /* Products */,
				C9E38993B0FB55F77D740647 /* Pods */,
				BAEED8CBCB79BD4309ADDF32 /* Frameworks */,
			);
			sourceTree = "<group>";
		};
		D91F55211E28CC0F00638B17 /* Products */ = {
			isa = PBXGroup;
			children = (
				D91F55201E28CC0F00638B17 /* testAdmob.app */,
			);
			name = Products;
			sourceTree = "<group>";
		};
		D91F55221E28CC0F00638B17 /* testAdmob */ = {
			isa = PBXGroup;
			children = (
				D91F55231E28CC0F00638B17 /* AppDelegate.swift */,
				D91F55251E28CC0F00638B17 /* ViewController.swift */,
				D91F55271E28CC0F00638B17 /* Main.storyboard */,
				D91F552D1E28CC0F00638B17 /* Assets.xcassets */,
				D91F552F1E28CC0F00638B17 /* LaunchScreen.storyboard */,
				D91F55321E28CC0F00638B17 /* Info.plist */,
				D91F552A1E28CC0F00638B17 /* testAdmob.xcdatamodeld */,
			);
			path = testAdmob;
			sourceTree = "<group>";
		};
/* End PBXGroup section */

/* Begin PBXNativeTarget section */
		D91F551F1E28CC0F00638B17 /* testAdmob */ = {
			isa = PBXNativeTarget;
			buildConfigurationList = D91F55351E28CC0F00638B17 /* Build configuration list for PBXNativeTarget "testAdmob" */;
			buildPhases = (
				F416A6DE51BACE613482B18C /* [CP] Check Pods Manifest.lock */,
				D91F551C1E28CC0F00638B17 /* Sources */,
				D91F551D1E28CC0F00638B17 /* Frameworks */,
				D91F551E1E28CC0F00638B17 /* Resources */,
				E2A59D61FA0E31B4EEB12E4F /* [CP] Embed Pods Frameworks */,
				D02405CEE7F1DE756EB2710D /* [CP] Copy Pods Resources */,
			);
			buildRules = (
			);
			dependencies = (
			);
			name = testAdmob;
			productName = testAdmob;
			productReference = D91F55201E28CC0F00638B17 /* testAdmob.app */;
			productType = "com.apple.product-type.application";
		};
/* End PBXNativeTarget section */

/* Begin PBXProject section */
		D91F55181E28CC0F00638B17 /* Project object */ = {
			isa = PBXProject;
			attributes = {
				LastSwiftUpdateCheck = 0820;
				LastUpgradeCheck = 0820;
				ORGANIZATIONNAME = TWC;
				TargetAttributes = {
					D91F551F1E28CC0F00638B17 = {
						CreatedOnToolsVersion = 8.2.1;
						ProvisioningStyle = Automatic;
					};
				};
			};
			buildConfigurationList = D91F551B1E28CC0F00638B17 /* Build configuration list for PBXProject "testAdmob" */;
			compatibilityVersion = "Xcode 3.2";
			developmentRegion = English;
			hasScannedForEncodings = 0;
			knownRegions = (
				en,
				Base,
			);
			mainGroup = D91F55171E28CC0F00638B17;
			productRefGroup = D91F55211E28CC0F00638B17 /* Products */;
			projectDirPath = "";
			projectRoot = "";
			targets = (
				D91F551F1E28CC0F00638B17 /* testAdmob */,
			);
		};
/* End PBXProject section */

/* Begin PBXResourcesBuildPhase section */
		D91F551E1E28CC0F00638B17 /* Resources */ = {
			isa = PBXResourcesBuildPhase;
			buildActionMask = 2147483647;
			files = (
				D91F55311E28CC0F00638B17 /* LaunchScreen.storyboard in Resources */,
				D91F552E1E28CC0F00638B17 /* Assets.xcassets in Resources */,
				D91F55291E28CC0F00638B17 /* Main.storyboard in Resources */,
			);
			runOnlyForDeploymentPostprocessing = 0;
		};
/* End PBXResourcesBuildPhase section */

/* Begin PBXShellScriptBuildPhase section */
		D02405CEE7F1DE756EB2710D /* [CP] Copy Pods Resources */ = {
			isa = PBXShellScriptBuildPhase;
			buildActionMask = 2147483647;
			files = (
			);
			inputPaths = (
			);
			name = "[CP] Copy Pods Resources";
			outputPaths = (
			);
			runOnlyForDeploymentPostprocessing = 0;
			shellPath = /bin/sh;
			shellScript = "\"${SRCROOT}/Pods/Target Support Files/Pods-testAdmob/Pods-testAdmob-resources.sh\"\n";
			showEnvVarsInLog = 0;
		};
		E2A59D61FA0E31B4EEB12E4F /* [CP] Embed Pods Frameworks */ = {
			isa = PBXShellScriptBuildPhase;
			buildActionMask = 2147483647;
			files = (
			);
			inputPaths = (
			);
			name = "[CP] Embed Pods Frameworks";
			outputPaths = (
			);
			runOnlyForDeploymentPostprocessing = 0;
			shellPath = /bin/sh;
			shellScript = "\"${SRCROOT}/Pods/Target Support Files/Pods-testAdmob/Pods-testAdmob-frameworks.sh\"\n";
			showEnvVarsInLog = 0;
		};
		F416A6DE51BACE613482B18C /* [CP] Check Pods Manifest.lock */ = {
			isa = PBXShellScriptBuildPhase;
			buildActionMask = 2147483647;
			files = (
			);
			inputPaths = (
			);
			name = "[CP] Check Pods Manifest.lock";
			outputPaths = (
			);
			runOnlyForDeploymentPostprocessing = 0;
			shellPath = /bin/sh;
			shellScript = "diff \"${PODS_ROOT}/../Podfile.lock\" \"${PODS_ROOT}/Manifest.lock\" > /dev/null\nif [ $? != 0 ] ; then\n    # print error to STDERR\n    echo \"error: The sandbox is not in sync with the Podfile.lock. Run 'pod install' or update your CocoaPods installation.\" >&2\n    exit 1\nfi\n";
			showEnvVarsInLog = 0;
		};
/* End PBXShellScriptBuildPhase section */

/* Begin PBXSourcesBuildPhase section */
		D91F551C1E28CC0F00638B17 /* Sources */ = {
			isa = PBXSourcesBuildPhase;
			buildActionMask = 2147483647;
			files = (
				D91F55261E28CC0F00638B17 /* ViewController.swift in Sources */,
				D91F55241E28CC0F00638B17 /* AppDelegate.swift in Sources */,
				D91F552C1E28CC0F00638B17 /* testAdmob.xcdatamodeld in Sources */,
			);
			runOnlyForDeploymentPostprocessing = 0;
		};
/* End PBXSourcesBuildPhase section */

/* Begin PBXVariantGroup section */
		D91F55271E28CC0F00638B17 /* Main.storyboard */ = {
			isa = PBXVariantGroup;
			children = (
				D91F55281E28CC0F00638B17 /* Base */,
			);
			name = Main.storyboard;
			sourceTree = "<group>";
		};
		D91F552F1E28CC0F00638B17 /* LaunchScreen.storyboard */ = {
			isa = PBXVariantGroup;
			children = (
				D91F55301E28CC0F00638B17 /* Base */,
			);
			name = LaunchScreen.storyboard;
			sourceTree = "<group>";
		};
/* End PBXVariantGroup section */

/* Begin XCBuildConfiguration section */
		D91F55331E28CC0F00638B17 /* Debug */ = {
			isa = XCBuildConfiguration;
			buildSettings = {
				ALWAYS_SEARCH_USER_PATHS = NO;
				CLANG_ANALYZER_NONNULL = YES;
				CLANG_CXX_LANGUAGE_STANDARD = "gnu++0x";
				CLANG_CXX_LIBRARY = "libc++";
				CLANG_ENABLE_MODULES = YES;
				CLANG_ENABLE_OBJC_ARC = YES;
				CLANG_WARN_BOOL_CONVERSION = YES;
				CLANG_WARN_CONSTANT_CONVERSION = YES;
				CLANG_WARN_DIRECT_OBJC_ISA_USAGE = YES_ERROR;
				CLANG_WARN_DOCUMENTATION_COMMENTS = YES;
				CLANG_WARN_EMPTY_BODY = YES;
				CLANG_WARN_ENUM_CONVERSION = YES;
				CLANG_WARN_INFINITE_RECURSION = YES;
				CLANG_WARN_INT_CONVERSION = YES;
				CLANG_WARN_OBJC_ROOT_CLASS = YES_ERROR;
				CLANG_WARN_SUSPICIOUS_MOVE = YES;
				CLANG_WARN_UNREACHABLE_CODE = YES;
				CLANG_WARN__DUPLICATE_METHOD_MATCH = YES;
				"CODE_SIGN_IDENTITY[sdk=iphoneos*]" = "iPhone Developer";
				COPY_PHASE_STRIP = NO;
				DEBUG_INFORMATION_FORMAT = dwarf;
				ENABLE_STRICT_OBJC_MSGSEND = YES;
				ENABLE_TESTABILITY = YES;
				GCC_C_LANGUAGE_STANDARD = gnu99;
				GCC_DYNAMIC_NO_PIC = NO;
				GCC_NO_COMMON_BLOCKS = YES;
				GCC_OPTIMIZATION_LEVEL = 0;
				GCC_PREPROCESSOR_DEFINITIONS = (
					"DEBUG=1",
					"$(inherited)",
				);
				GCC_WARN_64_TO_32_BIT_CONVERSION = YES;
				GCC_WARN_ABOUT_RETURN_TYPE = YES_ERROR;
				GCC_WARN_UNDECLARED_SELECTOR = YES;
				GCC_WARN_UNINITIALIZED_AUTOS = YES_AGGRESSIVE;
				GCC_WARN_UNUSED_FUNCTION = YES;
				GCC_WARN_UNUSED_VARIABLE = YES;
				IPHONEOS_DEPLOYMENT_TARGET = 10.2;
				MTL_ENABLE_DEBUG_INFO = YES;
				ONLY_ACTIVE_ARCH = YES;
				SDKROOT = iphoneos;
				SWIFT_ACTIVE_COMPILATION_CONDITIONS = DEBUG;
				SWIFT_OPTIMIZATION_LEVEL = "-Onone";
				TARGETED_DEVICE_FAMILY = "1,2";
			};
			name = Debug;
		};
		D91F55341E28CC0F00638B17 /* Release */ = {
			isa = XCBuildConfiguration;
			buildSettings = {
				ALWAYS_SEARCH_USER_PATHS = NO;
				CLANG_ANALYZER_NONNULL = YES;
				CLANG_CXX_LANGUAGE_STANDARD = "gnu++0x";
				CLANG_CXX_LIBRARY = "libc++";
				CLANG_ENABLE_MODULES = YES;
				CLANG_ENABLE_OBJC_ARC = YES;
				CLANG_WARN_BOOL_CONVERSION = YES;
				CLANG_WARN_CONSTANT_CONVERSION = YES;
				CLANG_WARN_DIRECT_OBJC_ISA_USAGE = YES_ERROR;
				CLANG_WARN_DOCUMENTATION_COMMENTS = YES;
				CLANG_WARN_EMPTY_BODY = YES;
				CLANG_WARN_ENUM_CONVERSION = YES;
				CLANG_WARN_INFINITE_RECURSION = YES;
				CLANG_WARN_INT_CONVERSION = YES;
				CLANG_WARN_OBJC_ROOT_CLASS = YES_ERROR;
				CLANG_WARN_SUSPICIOUS_MOVE = YES;
				CLANG_WARN_UNREACHABLE_CODE = YES;
				CLANG_WARN__DUPLICATE_METHOD_MATCH = YES;
				"CODE_SIGN_IDENTITY[sdk=iphoneos*]" = "iPhone Developer";
				COPY_PHASE_STRIP = NO;
				DEBUG_INFORMATION_FORMAT = "dwarf-with-dsym";
				ENABLE_NS_ASSERTIONS = NO;
				ENABLE_STRICT_OBJC_MSGSEND = YES;
				GCC_C_LANGUAGE_STANDARD = gnu99;
				GCC_NO_COMMON_BLOCKS = YES;
				GCC_WARN_64_TO_32_BIT_CONVERSION = YES;
				GCC_WARN_ABOUT_RETURN_TYPE = YES_ERROR;
				GCC_WARN_UNDECLARED_SELECTOR = YES;
				GCC_WARN_UNINITIALIZED_AUTOS = YES_AGGRESSIVE;
				GCC_WARN_UNUSED_FUNCTION = YES;
				GCC_WARN_UNUSED_VARIABLE = YES;
				IPHONEOS_DEPLOYMENT_TARGET = 10.2;
				MTL_ENABLE_DEBUG_INFO = NO;
				SDKROOT = iphoneos;
				SWIFT_OPTIMIZATION_LEVEL = "-Owholemodule";
				TARGETED_DEVICE_FAMILY = "1,2";
				VALIDATE_PRODUCT = YES;
			};
			name = Release;
		};
		D91F55361E28CC0F00638B17 /* Debug */ = {
			isa = XCBuildConfiguration;
			baseConfigurationReference = FB71D7BF2B47ABBF678A0211 /* Pods-testAdmob.debug.xcconfig */;
			buildSettings = {
				ASSETCATALOG_COMPILER_APPICON_NAME = AppIcon;
				INFOPLIST_FILE = testAdmob/Info.plist;
				LD_RUNPATH_SEARCH_PATHS = "$(inherited) @executable_path/Frameworks";
				PRODUCT_BUNDLE_IDENTIFIER = com.piterwilson.testAdmob;
				PRODUCT_NAME = "$(TARGET_NAME)";
				SWIFT_VERSION = 3.0;
			};
			name = Debug;
		};
		D91F55371E28CC0F00638B17 /* Release */ = {
			isa = XCBuildConfiguration;
			baseConfigurationReference = EB6BA1168A03F66CB1AF3C12 /* Pods-testAdmob.release.xcconfig */;
			buildSettings = {
				ASSETCATALOG_COMPILER_APPICON_NAME = AppIcon;
				INFOPLIST_FILE = testAdmob/Info.plist;
				LD_RUNPATH_SEARCH_PATHS = "$(inherited) @executable_path/Frameworks";
				PRODUCT_BUNDLE_IDENTIFIER = com.piterwilson.testAdmob;
				PRODUCT_NAME = "$(TARGET_NAME)";
				SWIFT_VERSION = 3.0;
			};
			name = Release;
		};
/* End XCBuildConfiguration section */

/* Begin XCConfigurationList section */
		D91F551B1E28CC0F00638B17 /* Build configuration list for PBXProject "testAdmob" */ = {
			isa = XCConfigurationList;
			buildConfigurations = (
				D91F55331E28CC0F00638B17 /* Debug */,
				D91F55341E28CC0F00638B17 /* Release */,
			);
			defaultConfigurationIsVisible = 0;
			defaultConfigurationName = Release;
		};
		D91F55351E28CC0F00638B17 /* Build configuration list for PBXNativeTarget "testAdmob" */ = {
			isa = XCConfigurationList;
			buildConfigurations = (
				D91F55361E28CC0F00638B17 /* Debug */,
				D91F55371E28CC0F00638B17 /* Release */,
			);
			defaultConfigurationIsVisible = 0;
		};
/* End XCConfigurationList section */

/* Begin XCVersionGroup section */
		D91F552A1E28CC0F00638B17 /* testAdmob.xcdatamodeld */ = {
			isa = XCVersionGroup;
			children = (
				D91F552B1E28CC0F00638B17 /* testAdmob.xcdatamodel */,
			);
			currentVersion = D91F552B1E28CC0F00638B17 /* testAdmob.xcdatamodel */;
			path = testAdmob.xcdatamodeld;
			sourceTree = "<group>";
			versionGroupType = wrapper.xcdatamodel;
		};
/* End XCVersionGroup section */
	};
	rootObject = D91F55181E28CC0F00638B17 /* Project object */;
}
